
Microsoft Visual Studio Solution File, Format Version 12.00
# Visual Studio Version 17
VisualStudioVersion = 17.13.35913.81 d17.13
MinimumVisualStudioVersion = 10.0.40219.1
Project("{FAE04EC0-301F-11D3-BF4B-00C04F79EFBC}") = "EPA Terminal", "EPA Terminal\EPA Terminal.csproj", "{360D89D0-85B9-41A6-AE05-72AB69998096}"
EndProject
Global
	GlobalSection(SolutionConfigurationPlatforms) = preSolution
		Debug|Any CPU = Debug|Any CPU
		Release|Any CPU = Release|Any CPU
	EndGlobalSection
	GlobalSection(ProjectConfigurationPlatforms) = postSolution
		{360D89D0-85B9-41A6-AE05-72AB69998096}.Debug|Any CPU.ActiveCfg = Debug|Any CPU
		{360D89D0-85B9-41A6-AE05-72AB69998096}.Debug|Any CPU.Build.0 = Debug|Any CPU
		{360D89D0-85B9-41A6-AE05-72AB69998096}.Release|Any CPU.ActiveCfg = Release|Any CPU
		{360D89D0-85B9-41A6-AE05-72AB69998096}.Release|Any CPU.Build.0 = Release|Any CPU
	EndGlobalSection
	GlobalSection(SolutionProperties) = preSolution
		HideSolutionNode = FALSE
	EndGlobalSection
	GlobalSection(ExtensibilityGlobals) = postSolution
		SolutionGuid = {464BD3A8-5BB0-4B68-B003-E336AC01D2FB}
	EndGlobalSection
EndGlobal
